<?xml version="1.0" encoding="utf-8"?>
<Project ToolsVersion="4.0" xmlns="http://schemas.microsoft.com/developer/msbuild/2003">
  <ItemGroup>
    <Filter Include="Form Files">
      <UniqueIdentifier>{99349809-55BA-4b9d-BF79-8FDBB0286EB3}</UniqueIdentifier>
      <Extensions>ui</Extensions>
      <ParseFiles>false</ParseFiles>
    </Filter>
    <Filter Include="Form Files">
      <UniqueIdentifier>{99349809-55BA-4b9d-BF79-8FDBB0286EB3}</UniqueIdentifier>
      <Extensions>ui</Extensions>
      <ParseFiles>false</ParseFiles>
    </Filter>
    <Filter Include="Generated Files">
      <UniqueIdentifier>{71ED8ED8-ACB9-4CE9-BBE1-E00B30144E11}</UniqueIdentifier>
      <Extensions>cpp;c;cxx;moc;h;def;odl;idl;res;</Extensions>
    </Filter>
    <Filter Include="Generated Files">
      <UniqueIdentifier>{71ED8ED8-ACB9-4CE9-BBE1-E00B30144E11}</UniqueIdentifier>
      <Extensions>cpp;c;cxx;moc;h;def;odl;idl;res;</Extensions>
    </Filter>
    <Filter Include="Header Files">
      <UniqueIdentifier>{93995380-89BD-4b04-88EB-625FBE52EBFB}</UniqueIdentifier>
      <Extensions>h;hpp;hxx;hm;inl;inc;xsd</Extensions>
    </Filter>
    <Filter Include="Header Files">
      <UniqueIdentifier>{93995380-89BD-4b04-88EB-625FBE52EBFB}</UniqueIdentifier>
      <Extensions>h;hpp;hxx;hm;inl;inc;xsd</Extensions>
    </Filter>
    <Filter Include="Resource Files">
      <UniqueIdentifier>{D9D6E242-F8AF-46E4-B9FD-80ECBC20BA3E}</UniqueIdentifier>
      <Extensions>qrc;*</Extensions>
      <ParseFiles>false</ParseFiles>
    </Filter>
    <Filter Include="Resource Files">
      <UniqueIdentifier>{D9D6E242-F8AF-46E4-B9FD-80ECBC20BA3E}</UniqueIdentifier>
      <Extensions>qrc;*</Extensions>
      <ParseFiles>false</ParseFiles>
    </Filter>
    <Filter Include="Source Files">
      <UniqueIdentifier>{4FC737F1-C7A5-4376-A066-2A32D752A2FF}</UniqueIdentifier>
      <Extensions>cpp;c;cxx;def;odl;idl;hpj;bat;asm;asmx</Extensions>
    </Filter>
    <Filter Include="Source Files">
      <UniqueIdentifier>{4FC737F1-C7A5-4376-A066-2A32D752A2FF}</UniqueIdentifier>
      <Extensions>cpp;c;cxx;def;odl;idl;hpj;bat;asm;asmx</Extensions>
    </Filter>
    <Filter Include="Generated Files\Debug">
      <UniqueIdentifier>{fd2e22cb-1f39-4bbb-9b3c-a326bf6782fe}</UniqueIdentifier>
      <Extensions>cpp;moc</Extensions>
      <SourceControlFiles>False</SourceControlFiles>
    </Filter>
    <Filter Include="Generated Files\Release">
      <UniqueIdentifier>{968db471-342f-45b0-9b34-6d29410796d6}</UniqueIdentifier>
      <Extensions>cpp;moc</Extensions>
      <SourceControlFiles>False</SourceControlFiles>
    </Filter>
  </ItemGroup>
  <ItemGroup>
    <ClCompile Include="web\api_process.cpp">
      <Filter>Source Files</Filter>
    </ClCompile>
    <ClCompile Include="media\audio_player.cpp">
      <Filter>Source Files</Filter>
    </ClCompile>
    <ClCompile Include="dialogs\captchadialog.cpp">
      <Filter>Source Files</Filter>
    </ClCompile>
    <ClCompile Include="override\clickable_label.cpp">
      <Filter>Source Files</Filter>
    </ClCompile>
    <ClCompile Include="override\custom_network_access_manager.cpp">
      <Filter>Source Files</Filter>
    </ClCompile>
    <ClCompile Include="misc\data_store.cpp">
      <Filter>Source Files</Filter>
    </ClCompile>
    <ClCompile Include="model\web\deleted_list.cpp">
      <Filter>Source Files</Filter>
    </ClCompile>
    <ClCompile Include="web\download.cpp">
      <Filter>Source Files</Filter>
    </ClCompile>
    <ClCompile Include="media\duration.cpp">
      <Filter>Source Files</Filter>
    </ClCompile>
    <ClCompile Include="model\file_item.cpp">
      <Filter>Source Files</Filter>
    </ClCompile>
    <ClCompile Include="model\folder_item.cpp">
      <Filter>Source Files</Filter>
    </ClCompile>
    <ClCompile Include="misc\format.cpp">
      <Filter>Source Files</Filter>
    </ClCompile>
    <ClCompile Include="media\genre.cpp">
      <Filter>Source Files</Filter>
    </ClCompile>
    <ClCompile Include="model\hotkey_model\hotkey_delegate.cpp">
      <Filter>Source Files</Filter>
    </ClCompile>
    <ClCompile Include="model\hotkey_model\hotkey_editor.cpp">
      <Filter>Source Files</Filter>
    </ClCompile>
    <ClCompile Include="misc\hotkey_manager.cpp">
      <Filter>Source Files</Filter>
    </ClCompile>
    <ClCompile Include="model\hotkey_model\hotkey_model.cpp">
      <Filter>Source Files</Filter>
    </ClCompile>
    <ClCompile Include="model\hotkey_model\hotkey_model_item.cpp">
      <Filter>Source Files</Filter>
    </ClCompile>
    <ClCompile Include="misc\icon_provider.cpp">
      <Filter>Source Files</Filter>
    </ClCompile>
    <ClCompile Include="web\ip_checker.cpp">
      <Filter>Source Files</Filter>
    </ClCompile>
    <ClCompile Include="model\level_tree_breadcrumb\level_tree_breadcrumb_model.cpp">
      <Filter>Source Files</Filter>
    </ClCompile>
    <ClCompile Include="model\level_tree_breadcrumb\level_tree_breadcrumb_view.cpp">
      <Filter>Source Files</Filter>
    </ClCompile>
    <ClCompile Include="model\level_tree\level_tree_model.cpp">
      <Filter>Source Files</Filter>
    </ClCompile>
    <ClCompile Include="model\level_tree\level_tree_view.cpp">
      <Filter>Source Files</Filter>
    </ClCompile>
    <ClCompile Include="media\library.cpp">
      <Filter>Source Files</Filter>
    </ClCompile>
    <ClCompile Include="model\list\list_model.cpp">
      <Filter>Source Files</Filter>
    </ClCompile>
    <ClCompile Include="model\list\list_view.cpp">
      <Filter>Source Files</Filter>
    </ClCompile>
    <ClCompile Include="main.cpp">
      <Filter>Source Files</Filter>
    </ClCompile>
    <ClCompile Include="mainwindow.cpp">
      <Filter>Source Files</Filter>
    </ClCompile>
    <ClCompile Include="media\mediainfo.cpp">
      <Filter>Source Files</Filter>
    </ClCompile>
    <ClCompile Include="model\model.cpp">
      <Filter>Source Files</Filter>
    </ClCompile>
    <ClCompile Include="model\model_item.cpp">
      <Filter>Source Files</Filter>
    </ClCompile>
    <ClCompile Include="model\model_item_delegate.cpp">
      <Filter>Source Files</Filter>
    </ClCompile>
    <ClCompile Include="model\model_item_state.cpp">
      <Filter>Source Files</Filter>
    </ClCompile>
    <ClCompile Include="override\notify_timer.cpp">
      <Filter>Source Files</Filter>
    </ClCompile>
    <ClCompile Include="media\player.cpp">
      <Filter>Source Files</Filter>
    </ClCompile>
    <ClCompile Include="globalshortcut\qxtglobalshortcut.cpp">
      <Filter>Source Files</Filter>
    </ClCompile>
    <ClCompile Include="globalshortcut\qxtglobalshortcut_win.cpp">
      <Filter>Source Files</Filter>
    </ClCompile>
    <ClCompile Include="dialogs\relationdialog.cpp">
      <Filter>Source Files</Filter>
    </ClCompile>
    <ClCompile Include="misc\settings.cpp">
      <Filter>Source Files</Filter>
    </ClCompile>
    <ClCompile Include="dialogs\settings_dialog.cpp">
      <Filter>Source Files</Filter>
    </ClCompile>
    <ClCompile Include="single_application.cpp">
      <Filter>Source Files</Filter>
    </ClCompile>
    <ClCompile Include="override\slider.cpp">
      <Filter>Source Files</Filter>
    </ClCompile>
    <ClCompile Include="web\socials\soundcloud_api.cpp">
      <Filter>Source Files</Filter>
    </ClCompile>
    <ClCompile Include="model\web\soundcloud\soundcloud_file.cpp">
      <Filter>Source Files</Filter>
    </ClCompile>
    <ClCompile Include="model\web\soundcloud\soundcloud_model.cpp">
      <Filter>Source Files</Filter>
    </ClCompile>
    <ClCompile Include="model\web\soundcloud\soundcloud_playlist.cpp">
      <Filter>Source Files</Filter>
    </ClCompile>
    <ClCompile Include="model\web\soundcloud\soundcloud_view.cpp">
      <Filter>Source Files</Filter>
    </ClCompile>
    <ClCompile Include="override\spectrum.cpp">
      <Filter>Source Files</Filter>
    </ClCompile>
    <ClCompile Include="override\tab.cpp">
      <Filter>Source Files</Filter>
    </ClCompile>
    <ClCompile Include="override\tabber.cpp">
      <Filter>Source Files</Filter>
    </ClCompile>
    <ClCompile Include="dialogs\tabdialog.cpp">
      <Filter>Source Files</Filter>
    </ClCompile>
    <ClCompile Include="web\auth_chemas\teu_auth.cpp">
      <Filter>Source Files</Filter>
    </ClCompile>
    <ClCompile Include="override\toolbar.cpp">
      <Filter>Source Files</Filter>
    </ClCompile>
    <ClCompile Include="override\toolbarbutton.cpp">
      <Filter>Source Files</Filter>
    </ClCompile>
    <ClCompile Include="dialogs\toolbarbuttondialog.cpp">
      <Filter>Source Files</Filter>
    </ClCompile>
    <ClCompile Include="dialogs\toolbardialog.cpp">
      <Filter>Source Files</Filter>
    </ClCompile>
    <ClCompile Include="toolbars.cpp">
      <Filter>Source Files</Filter>
    </ClCompile>
    <ClCompile Include="model\tree\tree_model.cpp">
      <Filter>Source Files</Filter>
    </ClCompile>
    <ClCompile Include="model\tree\tree_view.cpp">
      <Filter>Source Files</Filter>
    </ClCompile>
    <ClCompile Include="model\view.cpp">
      <Filter>Source Files</Filter>
    </ClCompile>
    <ClCompile Include="web\socials\vk_api.cpp">
      <Filter>Source Files</Filter>
    </ClCompile>
    <ClCompile Include="web\socials\vk_api_private.cpp">
      <Filter>Source Files</Filter>
    </ClCompile>
    <ClCompile Include="model\web\vk\vk_file.cpp">
      <Filter>Source Files</Filter>
    </ClCompile>
    <ClCompile Include="model\web\vk\vk_folder.cpp">
      <Filter>Source Files</Filter>
    </ClCompile>
    <ClCompile Include="model\web\vk\vk_model.cpp">
      <Filter>Source Files</Filter>
    </ClCompile>
    <ClCompile Include="model\web\vk\vk_view.cpp">
      <Filter>Source Files</Filter>
    </ClCompile>
    <ClCompile Include="web\web_api.cpp">
      <Filter>Source Files</Filter>
    </ClCompile>
    <ClCompile Include="dialogs\web_dialog.cpp">
      <Filter>Source Files</Filter>
    </ClCompile>
    <ClCompile Include="model\web\web_model.cpp">
      <Filter>Source Files</Filter>
    </ClCompile>
    <ClCompile Include="Debug\moc_api_process.cpp">
      <Filter>Generated Files\Debug</Filter>
    </ClCompile>
    <ClCompile Include="Release\moc_api_process.cpp">
      <Filter>Generated Files\Release</Filter>
    </ClCompile>
    <ClCompile Include="Debug\moc_audio_player.cpp">
      <Filter>Generated Files\Debug</Filter>
    </ClCompile>
    <ClCompile Include="Release\moc_audio_player.cpp">
      <Filter>Generated Files\Release</Filter>
    </ClCompile>
    <ClCompile Include="Debug\moc_captchadialog.cpp">
      <Filter>Generated Files\Debug</Filter>
    </ClCompile>
    <ClCompile Include="Release\moc_captchadialog.cpp">
      <Filter>Generated Files\Release</Filter>
    </ClCompile>
    <ClCompile Include="Debug\moc_clickable_label.cpp">
      <Filter>Generated Files\Debug</Filter>
    </ClCompile>
    <ClCompile Include="Release\moc_clickable_label.cpp">
      <Filter>Generated Files\Release</Filter>
    </ClCompile>
    <ClCompile Include="Debug\moc_custom_network_access_manager.cpp">
      <Filter>Generated Files\Debug</Filter>
    </ClCompile>
    <ClCompile Include="Release\moc_custom_network_access_manager.cpp">
      <Filter>Generated Files\Release</Filter>
    </ClCompile>
    <ClCompile Include="Debug\moc_download.cpp">
      <Filter>Generated Files\Debug</Filter>
    </ClCompile>
    <ClCompile Include="Release\moc_download.cpp">
      <Filter>Generated Files\Release</Filter>
    </ClCompile>
    <ClCompile Include="Debug\moc_hotkey_delegate.cpp">
      <Filter>Generated Files\Debug</Filter>
    </ClCompile>
    <ClCompile Include="Release\moc_hotkey_delegate.cpp">
      <Filter>Generated Files\Release</Filter>
    </ClCompile>
    <ClCompile Include="Debug\moc_hotkey_editor.cpp">
      <Filter>Generated Files\Debug</Filter>
    </ClCompile>
    <ClCompile Include="Release\moc_hotkey_editor.cpp">
      <Filter>Generated Files\Release</Filter>
    </ClCompile>
    <ClCompile Include="Debug\moc_hotkey_manager.cpp">
      <Filter>Generated Files\Debug</Filter>
    </ClCompile>
    <ClCompile Include="Release\moc_hotkey_manager.cpp">
      <Filter>Generated Files\Release</Filter>
    </ClCompile>
    <ClCompile Include="Debug\moc_hotkey_model.cpp">
      <Filter>Generated Files\Debug</Filter>
    </ClCompile>
    <ClCompile Include="Release\moc_hotkey_model.cpp">
      <Filter>Generated Files\Release</Filter>
    </ClCompile>
    <ClCompile Include="Debug\moc_ip_checker.cpp">
      <Filter>Generated Files\Debug</Filter>
    </ClCompile>
    <ClCompile Include="Release\moc_ip_checker.cpp">
      <Filter>Generated Files\Release</Filter>
    </ClCompile>
    <ClCompile Include="Debug\moc_level_tree_breadcrumb_model.cpp">
      <Filter>Generated Files\Debug</Filter>
    </ClCompile>
    <ClCompile Include="Release\moc_level_tree_breadcrumb_model.cpp">
      <Filter>Generated Files\Release</Filter>
    </ClCompile>
    <ClCompile Include="Debug\moc_level_tree_breadcrumb_view.cpp">
      <Filter>Generated Files\Debug</Filter>
    </ClCompile>
    <ClCompile Include="Release\moc_level_tree_breadcrumb_view.cpp">
      <Filter>Generated Files\Release</Filter>
    </ClCompile>
    <ClCompile Include="Debug\moc_level_tree_model.cpp">
      <Filter>Generated Files\Debug</Filter>
    </ClCompile>
    <ClCompile Include="Release\moc_level_tree_model.cpp">
      <Filter>Generated Files\Release</Filter>
    </ClCompile>
    <ClCompile Include="Debug\moc_level_tree_view.cpp">
      <Filter>Generated Files\Debug</Filter>
    </ClCompile>
    <ClCompile Include="Release\moc_level_tree_view.cpp">
      <Filter>Generated Files\Release</Filter>
    </ClCompile>
    <ClCompile Include="Debug\moc_library.cpp">
      <Filter>Generated Files\Debug</Filter>
    </ClCompile>
    <ClCompile Include="Release\moc_library.cpp">
      <Filter>Generated Files\Release</Filter>
    </ClCompile>
    <ClCompile Include="Debug\moc_list_model.cpp">
      <Filter>Generated Files\Debug</Filter>
    </ClCompile>
    <ClCompile Include="Release\moc_list_model.cpp">
      <Filter>Generated Files\Release</Filter>
    </ClCompile>
    <ClCompile Include="Debug\moc_list_view.cpp">
      <Filter>Generated Files\Debug</Filter>
    </ClCompile>
    <ClCompile Include="Release\moc_list_view.cpp">
      <Filter>Generated Files\Release</Filter>
    </ClCompile>
    <ClCompile Include="Debug\moc_mainwindow.cpp">
      <Filter>Generated Files\Debug</Filter>
    </ClCompile>
    <ClCompile Include="Release\moc_mainwindow.cpp">
      <Filter>Generated Files\Release</Filter>
    </ClCompile>
    <ClCompile Include="Debug\moc_model.cpp">
      <Filter>Generated Files\Debug</Filter>
    </ClCompile>
    <ClCompile Include="Release\moc_model.cpp">
      <Filter>Generated Files\Release</Filter>
    </ClCompile>
    <ClCompile Include="Debug\moc_model_item_delegate.cpp">
      <Filter>Generated Files\Debug</Filter>
    </ClCompile>
    <ClCompile Include="Release\moc_model_item_delegate.cpp">
      <Filter>Generated Files\Release</Filter>
    </ClCompile>
    <ClCompile Include="Debug\moc_notify_timer.cpp">
      <Filter>Generated Files\Debug</Filter>
    </ClCompile>
    <ClCompile Include="Release\moc_notify_timer.cpp">
      <Filter>Generated Files\Release</Filter>
    </ClCompile>
    <ClCompile Include="Debug\moc_player.cpp">
      <Filter>Generated Files\Debug</Filter>
    </ClCompile>
    <ClCompile Include="Release\moc_player.cpp">
      <Filter>Generated Files\Release</Filter>
    </ClCompile>
    <ClCompile Include="Debug\moc_qxtglobalshortcut.cpp">
      <Filter>Generated Files\Debug</Filter>
    </ClCompile>
    <ClCompile Include="Release\moc_qxtglobalshortcut.cpp">
      <Filter>Generated Files\Release</Filter>
    </ClCompile>
    <ClCompile Include="Debug\moc_relationdialog.cpp">
      <Filter>Generated Files\Debug</Filter>
    </ClCompile>
    <ClCompile Include="Release\moc_relationdialog.cpp">
      <Filter>Generated Files\Release</Filter>
    </ClCompile>
    <ClCompile Include="Debug\moc_settings_dialog.cpp">
      <Filter>Generated Files\Debug</Filter>
    </ClCompile>
    <ClCompile Include="Release\moc_settings_dialog.cpp">
      <Filter>Generated Files\Release</Filter>
    </ClCompile>
    <ClCompile Include="Debug\moc_single_application.cpp">
      <Filter>Generated Files\Debug</Filter>
    </ClCompile>
    <ClCompile Include="Release\moc_single_application.cpp">
      <Filter>Generated Files\Release</Filter>
    </ClCompile>
    <ClCompile Include="Debug\moc_slider.cpp">
      <Filter>Generated Files\Debug</Filter>
    </ClCompile>
    <ClCompile Include="Release\moc_slider.cpp">
      <Filter>Generated Files\Release</Filter>
    </ClCompile>
    <ClCompile Include="Debug\moc_soundcloud_api.cpp">
      <Filter>Generated Files\Debug</Filter>
    </ClCompile>
    <ClCompile Include="Release\moc_soundcloud_api.cpp">
      <Filter>Generated Files\Release</Filter>
    </ClCompile>
    <ClCompile Include="Debug\moc_soundcloud_model.cpp">
      <Filter>Generated Files\Debug</Filter>
    </ClCompile>
    <ClCompile Include="Release\moc_soundcloud_model.cpp">
      <Filter>Generated Files\Release</Filter>
    </ClCompile>
    <ClCompile Include="Debug\moc_soundcloud_view.cpp">
      <Filter>Generated Files\Debug</Filter>
    </ClCompile>
    <ClCompile Include="Release\moc_soundcloud_view.cpp">
      <Filter>Generated Files\Release</Filter>
    </ClCompile>
    <ClCompile Include="Debug\moc_spectrum.cpp">
      <Filter>Generated Files\Debug</Filter>
    </ClCompile>
    <ClCompile Include="Release\moc_spectrum.cpp">
      <Filter>Generated Files\Release</Filter>
    </ClCompile>
    <ClCompile Include="Debug\moc_tab.cpp">
      <Filter>Generated Files\Debug</Filter>
    </ClCompile>
    <ClCompile Include="Release\moc_tab.cpp">
      <Filter>Generated Files\Release</Filter>
    </ClCompile>
    <ClCompile Include="Debug\moc_tabber.cpp">
      <Filter>Generated Files\Debug</Filter>
    </ClCompile>
    <ClCompile Include="Release\moc_tabber.cpp">
      <Filter>Generated Files\Release</Filter>
    </ClCompile>
    <ClCompile Include="Debug\moc_tabdialog.cpp">
      <Filter>Generated Files\Debug</Filter>
    </ClCompile>
    <ClCompile Include="Release\moc_tabdialog.cpp">
      <Filter>Generated Files\Release</Filter>
    </ClCompile>
    <ClCompile Include="Debug\moc_toolbar.cpp">
      <Filter>Generated Files\Debug</Filter>
    </ClCompile>
    <ClCompile Include="Release\moc_toolbar.cpp">
      <Filter>Generated Files\Release</Filter>
    </ClCompile>
    <ClCompile Include="Debug\moc_toolbarbutton.cpp">
      <Filter>Generated Files\Debug</Filter>
    </ClCompile>
    <ClCompile Include="Release\moc_toolbarbutton.cpp">
      <Filter>Generated Files\Release</Filter>
    </ClCompile>
    <ClCompile Include="Debug\moc_toolbarbuttondialog.cpp">
      <Filter>Generated Files\Debug</Filter>
    </ClCompile>
    <ClCompile Include="Release\moc_toolbarbuttondialog.cpp">
      <Filter>Generated Files\Release</Filter>
    </ClCompile>
    <ClCompile Include="Debug\moc_toolbardialog.cpp">
      <Filter>Generated Files\Debug</Filter>
    </ClCompile>
    <ClCompile Include="Release\moc_toolbardialog.cpp">
      <Filter>Generated Files\Release</Filter>
    </ClCompile>
    <ClCompile Include="Debug\moc_toolbars.cpp">
      <Filter>Generated Files\Debug</Filter>
    </ClCompile>
    <ClCompile Include="Release\moc_toolbars.cpp">
      <Filter>Generated Files\Release</Filter>
    </ClCompile>
    <ClCompile Include="Debug\moc_tree_model.cpp">
      <Filter>Generated Files\Debug</Filter>
    </ClCompile>
    <ClCompile Include="Release\moc_tree_model.cpp">
      <Filter>Generated Files\Release</Filter>
    </ClCompile>
    <ClCompile Include="Debug\moc_tree_view.cpp">
      <Filter>Generated Files\Debug</Filter>
    </ClCompile>
    <ClCompile Include="Release\moc_tree_view.cpp">
      <Filter>Generated Files\Release</Filter>
    </ClCompile>
    <ClCompile Include="Debug\moc_view.cpp">
      <Filter>Generated Files\Debug</Filter>
    </ClCompile>
    <ClCompile Include="Release\moc_view.cpp">
      <Filter>Generated Files\Release</Filter>
    </ClCompile>
    <ClCompile Include="Debug\moc_vk_api.cpp">
      <Filter>Generated Files\Debug</Filter>
    </ClCompile>
    <ClCompile Include="Release\moc_vk_api.cpp">
      <Filter>Generated Files\Release</Filter>
    </ClCompile>
    <ClCompile Include="Debug\moc_vk_model.cpp">
      <Filter>Generated Files\Debug</Filter>
    </ClCompile>
    <ClCompile Include="Release\moc_vk_model.cpp">
      <Filter>Generated Files\Release</Filter>
    </ClCompile>
    <ClCompile Include="Debug\moc_vk_view.cpp">
      <Filter>Generated Files\Debug</Filter>
    </ClCompile>
    <ClCompile Include="Release\moc_vk_view.cpp">
      <Filter>Generated Files\Release</Filter>
    </ClCompile>
    <ClCompile Include="Debug\moc_web_api.cpp">
      <Filter>Generated Files\Debug</Filter>
    </ClCompile>
    <ClCompile Include="Release\moc_web_api.cpp">
      <Filter>Generated Files\Release</Filter>
    </ClCompile>
    <ClCompile Include="Debug\moc_web_dialog.cpp">
      <Filter>Generated Files\Debug</Filter>
    </ClCompile>
    <ClCompile Include="Release\moc_web_dialog.cpp">
      <Filter>Generated Files\Release</Filter>
    </ClCompile>
    <ClCompile Include="Debug\moc_web_model.cpp">
      <Filter>Generated Files\Debug</Filter>
    </ClCompile>
    <ClCompile Include="Release\moc_web_model.cpp">
      <Filter>Generated Files\Release</Filter>
    </ClCompile>
    <ClCompile Include="GeneratedFiles\qrc_picts.cpp">
      <Filter>Generated Files</Filter>
    </ClCompile>
    <ClCompile Include="media\media_player\media_player.cpp">
      <Filter>Generated Files</Filter>
    </ClCompile>
    <ClCompile Include="Debug\moc_media_player.cpp">
      <Filter>Generated Files\Debug</Filter>
    </ClCompile>
    <ClCompile Include="Release\moc_media_player.cpp">
      <Filter>Generated Files\Release</Filter>
    </ClCompile>
    <ClCompile Include="media\media_player\utils\master_clock.cpp">
      <Filter>Generated Files</Filter>
    </ClCompile>
    <ClCompile Include="Debug\moc_master_clock.cpp">
      <Filter>Generated Files\Debug</Filter>
    </ClCompile>
    <ClCompile Include="Release\moc_master_clock.cpp">
      <Filter>Generated Files\Release</Filter>
    </ClCompile>
    <ClCompile Include="media\media_player\utils\video_types.cpp">
      <Filter>Generated Files</Filter>
    </ClCompile>
    <ClCompile Include="misc\extensions.cpp">
      <Filter>Generated Files</Filter>
    </ClCompile>
  </ItemGroup>
  <ItemGroup>
    <CustomBuild Include="web\api_process.h">
      <Filter>Header Files</Filter>
    </CustomBuild>
    <CustomBuild Include="media\audio_player.h">
      <Filter>Header Files</Filter>
    </CustomBuild>
    <CustomBuild Include="dialogs\captchadialog.h">
      <Filter>Header Files</Filter>
    </CustomBuild>
    <CustomBuild Include="override\clickable_label.h">
      <Filter>Header Files</Filter>
    </CustomBuild>
    <CustomBuild Include="override\custom_network_access_manager.h">
      <Filter>Header Files</Filter>
    </CustomBuild>
    <ClInclude Include="misc\data_store.h">
      <Filter>Header Files</Filter>
    </ClInclude>
    <ClInclude Include="model\web\deleted_list.h">
      <Filter>Header Files</Filter>
    </ClInclude>
    <CustomBuild Include="web\download.h">
      <Filter>Header Files</Filter>
    </CustomBuild>
    <ClInclude Include="media\duration.h">
      <Filter>Header Files</Filter>
    </ClInclude>
    <ClInclude Include="model\file_item.h">
      <Filter>Header Files</Filter>
    </ClInclude>
    <ClInclude Include="model\folder_item.h">
      <Filter>Header Files</Filter>
    </ClInclude>
    <ClInclude Include="misc\format.h">
      <Filter>Header Files</Filter>
    </ClInclude>
    <ClInclude Include="misc\func_container.h">
      <Filter>Header Files</Filter>
    </ClInclude>
    <ClInclude Include="media\genre.h">
      <Filter>Header Files</Filter>
    </ClInclude>
    <CustomBuild Include="model\hotkey_model\hotkey_delegate.h">
      <Filter>Header Files</Filter>
    </CustomBuild>
    <CustomBuild Include="model\hotkey_model\hotkey_editor.h">
      <Filter>Header Files</Filter>
    </CustomBuild>
    <CustomBuild Include="misc\hotkey_manager.h">
      <Filter>Header Files</Filter>
    </CustomBuild>
    <CustomBuild Include="model\hotkey_model\hotkey_model.h">
      <Filter>Header Files</Filter>
    </CustomBuild>
    <ClInclude Include="model\hotkey_model\hotkey_model_item.h">
      <Filter>Header Files</Filter>
    </ClInclude>
    <ClInclude Include="misc\hotkey_types.h">
      <Filter>Header Files</Filter>
    </ClInclude>
    <ClInclude Include="misc\icon_provider.h">
      <Filter>Header Files</Filter>
    </ClInclude>
    <CustomBuild Include="web\ip_checker.h">
      <Filter>Header Files</Filter>
    </CustomBuild>
    <CustomBuild Include="model\level_tree_breadcrumb\level_tree_breadcrumb_model.h">
      <Filter>Header Files</Filter>
    </CustomBuild>
    <CustomBuild Include="model\level_tree_breadcrumb\level_tree_breadcrumb_view.h">
      <Filter>Header Files</Filter>
    </CustomBuild>
    <CustomBuild Include="model\level_tree\level_tree_model.h">
      <Filter>Header Files</Filter>
    </CustomBuild>
    <CustomBuild Include="model\level_tree\level_tree_view.h">
      <Filter>Header Files</Filter>
    </CustomBuild>
    <CustomBuild Include="media\library.h">
      <Filter>Header Files</Filter>
    </CustomBuild>
    <CustomBuild Include="model\list\list_model.h">
      <Filter>Header Files</Filter>
    </CustomBuild>
    <CustomBuild Include="model\list\list_view.h">
      <Filter>Header Files</Filter>
    </CustomBuild>
    <CustomBuild Include="mainwindow.h">
      <Filter>Header Files</Filter>
    </CustomBuild>
    <ClInclude Include="media\mediainfo.h">
      <Filter>Header Files</Filter>
    </ClInclude>
    <CustomBuild Include="model\model.h">
      <Filter>Header Files</Filter>
    </CustomBuild>
    <ClInclude Include="model\model_item.h">
      <Filter>Header Files</Filter>
    </ClInclude>
    <CustomBuild Include="model\model_item_delegate.h">
      <Filter>Header Files</Filter>
    </CustomBuild>
    <ClInclude Include="model\model_item_state.h">
      <Filter>Header Files</Filter>
    </ClInclude>
    <CustomBuild Include="override\notify_timer.h">
      <Filter>Header Files</Filter>
    </CustomBuild>
    <CustomBuild Include="media\player.h">
      <Filter>Header Files</Filter>
    </CustomBuild>
    <ClInclude Include="globalshortcut\qxtglobal.h">
      <Filter>Header Files</Filter>
    </ClInclude>
    <CustomBuild Include="globalshortcut\qxtglobalshortcut.h">
      <Filter>Header Files</Filter>
    </CustomBuild>
    <ClInclude Include="globalshortcut\qxtglobalshortcut_p.h">
      <Filter>Header Files</Filter>
    </ClInclude>
    <CustomBuild Include="dialogs\relationdialog.h">
      <Filter>Header Files</Filter>
    </CustomBuild>
    <ClInclude Include="misc\settings.h">
      <Filter>Header Files</Filter>
    </ClInclude>
    <CustomBuild Include="dialogs\settings_dialog.h">
      <Filter>Header Files</Filter>
    </CustomBuild>
    <CustomBuild Include="single_application.h">
      <Filter>Header Files</Filter>
    </CustomBuild>
    <CustomBuild Include="override\slider.h">
      <Filter>Header Files</Filter>
    </CustomBuild>
    <ClInclude Include="override\slider_style.h">
      <Filter>Header Files</Filter>
    </ClInclude>
    <CustomBuild Include="web\socials\soundcloud_api.h">
      <Filter>Header Files</Filter>
    </CustomBuild>
    <ClInclude Include="model\web\soundcloud\soundcloud_file.h">
      <Filter>Header Files</Filter>
    </ClInclude>
    <CustomBuild Include="model\web\soundcloud\soundcloud_model.h">
      <Filter>Header Files</Filter>
    </CustomBuild>
    <ClInclude Include="model\web\soundcloud\soundcloud_playlist.h">
      <Filter>Header Files</Filter>
    </ClInclude>
    <CustomBuild Include="model\web\soundcloud\soundcloud_view.h">
      <Filter>Header Files</Filter>
    </CustomBuild>
    <CustomBuild Include="override\spectrum.h">
      <Filter>Header Files</Filter>
    </CustomBuild>
    <ClInclude Include="misc\stylesheets.h">
      <Filter>Header Files</Filter>
    </ClInclude>
    <CustomBuild Include="override\tab.h">
      <Filter>Header Files</Filter>
    </CustomBuild>
    <CustomBuild Include="override\tabber.h">
      <Filter>Header Files</Filter>
    </CustomBuild>
    <CustomBuild Include="dialogs\tabdialog.h">
      <Filter>Header Files</Filter>
    </CustomBuild>
    <ClInclude Include="web\auth_chemas\teu_auth.h">
      <Filter>Header Files</Filter>
    </ClInclude>
    <CustomBuild Include="override\toolbar.h">
      <Filter>Header Files</Filter>
    </CustomBuild>
    <CustomBuild Include="override\toolbarbutton.h">
      <Filter>Header Files</Filter>
    </CustomBuild>
    <CustomBuild Include="dialogs\toolbarbuttondialog.h">
      <Filter>Header Files</Filter>
    </CustomBuild>
    <CustomBuild Include="dialogs\toolbardialog.h">
      <Filter>Header Files</Filter>
    </CustomBuild>
    <CustomBuild Include="toolbars.h">
      <Filter>Header Files</Filter>
    </CustomBuild>
    <CustomBuild Include="model\tree\tree_model.h">
      <Filter>Header Files</Filter>
    </CustomBuild>
    <CustomBuild Include="model\tree\tree_view.h">
      <Filter>Header Files</Filter>
    </CustomBuild>
    <ClInclude Include="override\tree_view_style.h">
      <Filter>Header Files</Filter>
    </ClInclude>
    <CustomBuild Include="model\view.h">
      <Filter>Header Files</Filter>
    </CustomBuild>
    <CustomBuild Include="web\socials\vk_api.h">
      <Filter>Header Files</Filter>
    </CustomBuild>
    <ClInclude Include="web\socials\vk_api_private.h">
      <Filter>Header Files</Filter>
    </ClInclude>
    <ClInclude Include="model\web\vk\vk_file.h">
      <Filter>Header Files</Filter>
    </ClInclude>
    <ClInclude Include="model\web\vk\vk_folder.h">
      <Filter>Header Files</Filter>
    </ClInclude>
    <CustomBuild Include="model\web\vk\vk_model.h">
      <Filter>Header Files</Filter>
    </CustomBuild>
    <CustomBuild Include="model\web\vk\vk_view.h">
      <Filter>Header Files</Filter>
    </CustomBuild>
    <CustomBuild Include="web\web_api.h">
      <Filter>Header Files</Filter>
    </CustomBuild>
    <CustomBuild Include="dialogs\web_dialog.h">
      <Filter>Header Files</Filter>
    </CustomBuild>
    <CustomBuild Include="model\web\web_model.h">
      <Filter>Header Files</Filter>
    </CustomBuild>
    <CustomBuild Include="media\media_player\media_player.h">
      <Filter>Generated Files</Filter>
    </CustomBuild>
    <CustomBuild Include="media\media_player\utils\master_clock.h">
      <Filter>Generated Files</Filter>
    </CustomBuild>
  </ItemGroup>
  <ItemGroup>
    <CustomBuild Include="dialogs\captchadialog.ui">
      <Filter>Form Files</Filter>
    </CustomBuild>
    <CustomBuild Include="mainwindow.ui">
      <Filter>Form Files</Filter>
    </CustomBuild>
    <CustomBuild Include="dialogs\relationdialog.ui">
      <Filter>Form Files</Filter>
    </CustomBuild>
    <CustomBuild Include="dialogs\settings_dialog.ui">
      <Filter>Form Files</Filter>
    </CustomBuild>
    <CustomBuild Include="dialogs\tabdialog.ui">
      <Filter>Form Files</Filter>
    </CustomBuild>
    <CustomBuild Include="dialogs\toolbarbuttondialog.ui">
      <Filter>Form Files</Filter>
    </CustomBuild>
    <CustomBuild Include="dialogs\toolbardialog.ui">
      <Filter>Form Files</Filter>
    </CustomBuild>
    <CustomBuild Include="dialogs\web_dialog.ui">
      <Filter>Form Files</Filter>
    </CustomBuild>
  </ItemGroup>
  <ItemGroup>
    <None Include="icons\active_tab.png">
      <Filter>Resource Files</Filter>
    </None>
    <None Include="icons\add.png">
      <Filter>Resource Files</Filter>
    </None>
    <None Include="icons\add_soundcloud.png">
      <Filter>Resource Files</Filter>
    </None>
    <None Include="icons\add_soundcloud_on.png">
      <Filter>Resource Files</Filter>
    </None>
    <None Include="icons\add_vk.png">
      <Filter>Resource Files</Filter>
    </None>
    <None Include="icons\add_vk_on.png">
      <Filter>Resource Files</Filter>
    </None>
    <None Include="icons\block.png">
      <Filter>Resource Files</Filter>
    </None>
    <None Include="icons\elems\check_blank.png">
      <Filter>Resource Files</Filter>
    </None>
    <None Include="icons\elems\check_blank_disabled.png">
      <Filter>Resource Files</Filter>
    </None>
    <None Include="icons\elems\check_fill.png">
      <Filter>Resource Files</Filter>
    </None>
    <None Include="icons\elems\check_fill_disabled.png">
      <Filter>Resource Files</Filter>
    </None>
    <None Include="icons\elems\check_trist.png">
      <Filter>Resource Files</Filter>
    </None>
    <None Include="icons\collapse.png">
      <Filter>Resource Files</Filter>
    </None>
    <None Include="icons\database.png">
      <Filter>Resource Files</Filter>
    </None>
    <None Include="icons\download.png">
      <Filter>Resource Files</Filter>
    </None>
    <None Include="icons\drag.png">
      <Filter>Resource Files</Filter>
    </None>
    <None Include="icons\drop-add.png">
      <Filter>Resource Files</Filter>
    </None>
    <None Include="icons\drop-remove.png">
      <Filter>Resource Files</Filter>
    </None>
    <None Include="icons\drops.png">
      <Filter>Resource Files</Filter>
    </None>
    <None Include="icons\error.png">
      <Filter>Resource Files</Filter>
    </None>
    <None Include="icons\expand.png">
      <Filter>Resource Files</Filter>
    </None>
    <None Include="icons\like.png">
      <Filter>Resource Files</Filter>
    </None>
    <None Include="icons\link.png">
      <Filter>Resource Files</Filter>
    </None>
    <None Include="icons\locked.png">
      <Filter>Resource Files</Filter>
    </None>
    <None Include="icons\mute.png">
      <Filter>Resource Files</Filter>
    </None>
    <None Include="icons\elems\next.png">
      <Filter>Resource Files</Filter>
    </None>
    <None Include="icons\next.png">
      <Filter>Resource Files</Filter>
    </None>
    <None Include="icons\open.png">
      <Filter>Resource Files</Filter>
    </None>
    <None Include="icons\panel-add.png">
      <Filter>Resource Files</Filter>
    </None>
    <None Include="icons\panel-close.png">
      <Filter>Resource Files</Filter>
    </None>
    <None Include="icons\panels.png">
      <Filter>Resource Files</Filter>
    </None>
    <None Include="icons\pause.png">
      <Filter>Resource Files</Filter>
    </None>
    <CustomBuild Include="picts.qrc">
      <Filter>Resource Files</Filter>
    </CustomBuild>
    <None Include="icons\play.png">
      <Filter>Resource Files</Filter>
    </None>
    <None Include="icons\playlist.png">
      <Filter>Resource Files</Filter>
    </None>
    <None Include="icons\elems\prev.png">
      <Filter>Resource Files</Filter>
    </None>
    <None Include="icons\prev.png">
      <Filter>Resource Files</Filter>
    </None>
    <None Include="icons\refresh.png">
      <Filter>Resource Files</Filter>
    </None>
    <None Include="icons\remote.png">
      <Filter>Resource Files</Filter>
    </None>
    <None Include="icons\remove.png">
      <Filter>Resource Files</Filter>
    </None>
    <None Include="icons\settings.png">
      <Filter>Resource Files</Filter>
    </None>
    <None Include="icons\shuffle.png">
      <Filter>Resource Files</Filter>
    </None>
    <None Include="icons\stop.png">
      <Filter>Resource Files</Filter>
    </None>
    <None Include="icons\sync.png">
      <Filter>Resource Files</Filter>
    </None>
    <None Include="icons\tray.png">
      <Filter>Resource Files</Filter>
    </None>
    <None Include="icons\unlocked.png">
      <Filter>Resource Files</Filter>
    </None>
    <None Include="icons\volume.png">
      <Filter>Resource Files</Filter>
    </None>
    <None Include="ClassDiagram.cd" />
  </ItemGroup>
  <ItemGroup>
    <ClInclude Include="GeneratedFiles\ui_captchadialog.h">
      <Filter>Generated Files</Filter>
    </ClInclude>
    <ClInclude Include="GeneratedFiles\ui_mainwindow.h">
      <Filter>Generated Files</Filter>
    </ClInclude>
    <ClInclude Include="GeneratedFiles\ui_relationdialog.h">
      <Filter>Generated Files</Filter>
    </ClInclude>
    <ClInclude Include="GeneratedFiles\ui_settings_dialog.h">
      <Filter>Generated Files</Filter>
    </ClInclude>
    <ClInclude Include="GeneratedFiles\ui_tabdialog.h">
      <Filter>Generated Files</Filter>
    </ClInclude>
    <ClInclude Include="GeneratedFiles\ui_toolbarbuttondialog.h">
      <Filter>Generated Files</Filter>
    </ClInclude>
    <ClInclude Include="GeneratedFiles\ui_toolbardialog.h">
      <Filter>Generated Files</Filter>
    </ClInclude>
    <ClInclude Include="GeneratedFiles\ui_web_dialog.h">
      <Filter>Generated Files</Filter>
    </ClInclude>
    <ClInclude Include="media\media_player\streams\frames\audio_frame.h">
      <Filter>Generated Files</Filter>
    </ClInclude>
    <ClInclude Include="media\media_player\resamplers\audio_resampler.h">
      <Filter>Generated Files</Filter>
    </ClInclude>
    <ClInclude Include="media\media_player\utils\media_player_libs.h">
      <Filter>Generated Files</Filter>
    </ClInclude>
    <ClInclude Include="media\media_player\utils\media_player_utils.h">
      <Filter>Generated Files</Filter>
    </ClInclude>
    <ClInclude Include="media\media_player\utils\system_utils.h">
      <Filter>Generated Files</Filter>
    </ClInclude>
    <ClInclude Include="media\media_player\utils\video_types.h">
      <Filter>Generated Files</Filter>
    </ClInclude>
    <ClInclude Include="misc\extensions.h">
      <Filter>Generated Files</Filter>
    </ClInclude>
  </ItemGroup>
</Project>